
Microsoft Visual Studio Solution File, Format Version 12.00
# Visual Studio Version 16
VisualStudioVersion = 16.0.31911.196
MinimumVisualStudioVersion = 10.0.40219.1
Project("{FAE04EC0-301F-11D3-BF4B-00C04F79EFBC}") = "EmployeePayrollServiceADO", "EmployeePayrollServiceADO\EmployeePayrollServiceADO.csproj", "{95A4359F-1902-43CB-8600-44091DDE849D}"
EndProject
Global
	GlobalSection(SolutionConfigurationPlatforms) = preSolution
		Debug|Any CPU = Debug|Any CPU
		Release|Any CPU = Release|Any CPU
	EndGlobalSection
	GlobalSection(ProjectConfigurationPlatforms) = postSolution
		{95A4359F-1902-43CB-8600-44091DDE849D}.Debug|Any CPU.ActiveCfg = Debug|Any CPU
		{95A4359F-1902-43CB-8600-44091DDE849D}.Debug|Any CPU.Build.0 = Debug|Any CPU
		{95A4359F-1902-43CB-8600-44091DDE849D}.Release|Any CPU.ActiveCfg = Release|Any CPU
		{95A4359F-1902-43CB-8600-44091DDE849D}.Release|Any CPU.Build.0 = Release|Any CPU
	EndGlobalSection
	GlobalSection(SolutionProperties) = preSolution
		HideSolutionNode = FALSE
	EndGlobalSection
	GlobalSection(ExtensibilityGlobals) = postSolution
		SolutionGuid = {A8C94B6B-AFCD-463F-84C7-AB4FD93334FD}
	EndGlobalSection
EndGlobal
